
Microsoft Visual Studio Solution File, Format Version 12.00
# Visual Studio Version 17
VisualStudioVersion = 17.0.31903.59
MinimumVisualStudioVersion = 10.0.40219.1
Project("{2150E333-8FDC-42A3-9474-1A3956D46DE8}") = "src", "src", "{827E0CD3-B72D-47B6-A68D-7590B98EB39B}"
EndProject
Project("{FAE04EC0-301F-11D3-BF4B-00C04F79EFBC}") = "Lifeman.Client", "src\Lifeman.Client\Lifeman.Client.csproj", "{ECD22C29-01AF-45BE-9379-8899226B8780}"
EndProject
Project("{FAE04EC0-301F-11D3-BF4B-00C04F79EFBC}") = "Lifeman.Client.Tests", "tests\Lifeman.Client.Tests\Lifeman.Client.Tests.csproj", "{6C02AECF-7113-4181-9562-0D6BAB11C968}"
EndProject
Project("{FAE04EC0-301F-11D3-BF4B-00C04F79EFBC}") = "Lifeman.Client.DevHost", "src\Lifeman.Client.DevHost\Lifeman.Client.DevHost.csproj", "{2BC8DF6D-8858-4670-8D1D-F8613D9F2002}"
EndProject
Project("{FAE04EC0-301F-11D3-BF4B-00C04F79EFBC}") = "Lifeman.Client.Windows", "src\Lifeman.Client.Windows\Lifeman.Client.Windows.csproj", "{1A2DC27C-68AC-483F-BBF2-CC00955CE597}"
EndProject
Project("{2150E333-8FDC-42A3-9474-1A3956D46DE8}") = "tests", "tests", "{0AB3BF05-4346-4AA6-1389-037BE0695223}"
EndProject
Project("{FAE04EC0-301F-11D3-BF4B-00C04F79EFBC}") = "Lifeman.Client.Windows.Tests", "tests\Lifeman.Client.Windows.Tests\Lifeman.Client.Windows.Tests.csproj", "{8BF24C77-2F66-4BAA-9301-9FC67BB3D256}"
EndProject
Global
	GlobalSection(SolutionConfigurationPlatforms) = preSolution
		Debug|Any CPU = Debug|Any CPU
		Debug|x64 = Debug|x64
		Debug|x86 = Debug|x86
		Release|Any CPU = Release|Any CPU
		Release|x64 = Release|x64
		Release|x86 = Release|x86
	EndGlobalSection
	GlobalSection(ProjectConfigurationPlatforms) = postSolution
		{ECD22C29-01AF-45BE-9379-8899226B8780}.Debug|Any CPU.ActiveCfg = Debug|Any CPU
		{ECD22C29-01AF-45BE-9379-8899226B8780}.Debug|Any CPU.Build.0 = Debug|Any CPU
		{ECD22C29-01AF-45BE-9379-8899226B8780}.Debug|x64.ActiveCfg = Debug|Any CPU
		{ECD22C29-01AF-45BE-9379-8899226B8780}.Debug|x64.Build.0 = Debug|Any CPU
		{ECD22C29-01AF-45BE-9379-8899226B8780}.Debug|x86.ActiveCfg = Debug|Any CPU
		{ECD22C29-01AF-45BE-9379-8899226B8780}.Debug|x86.Build.0 = Debug|Any CPU
		{ECD22C29-01AF-45BE-9379-8899226B8780}.Release|Any CPU.ActiveCfg = Release|Any CPU
		{ECD22C29-01AF-45BE-9379-8899226B8780}.Release|Any CPU.Build.0 = Release|Any CPU
		{ECD22C29-01AF-45BE-9379-8899226B8780}.Release|x64.ActiveCfg = Release|Any CPU
		{ECD22C29-01AF-45BE-9379-8899226B8780}.Release|x64.Build.0 = Release|Any CPU
		{ECD22C29-01AF-45BE-9379-8899226B8780}.Release|x86.ActiveCfg = Release|Any CPU
		{ECD22C29-01AF-45BE-9379-8899226B8780}.Release|x86.Build.0 = Release|Any CPU
		{6C02AECF-7113-4181-9562-0D6BAB11C968}.Debug|Any CPU.ActiveCfg = Debug|Any CPU
		{6C02AECF-7113-4181-9562-0D6BAB11C968}.Debug|Any CPU.Build.0 = Debug|Any CPU
		{6C02AECF-7113-4181-9562-0D6BAB11C968}.Debug|x64.ActiveCfg = Debug|Any CPU
		{6C02AECF-7113-4181-9562-0D6BAB11C968}.Debug|x64.Build.0 = Debug|Any CPU
		{6C02AECF-7113-4181-9562-0D6BAB11C968}.Debug|x86.ActiveCfg = Debug|Any CPU
		{6C02AECF-7113-4181-9562-0D6BAB11C968}.Debug|x86.Build.0 = Debug|Any CPU
		{6C02AECF-7113-4181-9562-0D6BAB11C968}.Release|Any CPU.ActiveCfg = Release|Any CPU
		{6C02AECF-7113-4181-9562-0D6BAB11C968}.Release|Any CPU.Build.0 = Release|Any CPU
		{6C02AECF-7113-4181-9562-0D6BAB11C968}.Release|x64.ActiveCfg = Release|Any CPU
		{6C02AECF-7113-4181-9562-0D6BAB11C968}.Release|x64.Build.0 = Release|Any CPU
		{6C02AECF-7113-4181-9562-0D6BAB11C968}.Release|x86.ActiveCfg = Release|Any CPU
		{6C02AECF-7113-4181-9562-0D6BAB11C968}.Release|x86.Build.0 = Release|Any CPU
		{2BC8DF6D-8858-4670-8D1D-F8613D9F2002}.Debug|Any CPU.ActiveCfg = Debug|Any CPU
		{2BC8DF6D-8858-4670-8D1D-F8613D9F2002}.Debug|Any CPU.Build.0 = Debug|Any CPU
		{2BC8DF6D-8858-4670-8D1D-F8613D9F2002}.Debug|x64.ActiveCfg = Debug|Any CPU
		{2BC8DF6D-8858-4670-8D1D-F8613D9F2002}.Debug|x64.Build.0 = Debug|Any CPU
		{2BC8DF6D-8858-4670-8D1D-F8613D9F2002}.Debug|x86.ActiveCfg = Debug|Any CPU
		{2BC8DF6D-8858-4670-8D1D-F8613D9F2002}.Debug|x86.Build.0 = Debug|Any CPU
		{2BC8DF6D-8858-4670-8D1D-F8613D9F2002}.Release|Any CPU.ActiveCfg = Release|Any CPU
		{2BC8DF6D-8858-4670-8D1D-F8613D9F2002}.Release|Any CPU.Build.0 = Release|Any CPU
		{2BC8DF6D-8858-4670-8D1D-F8613D9F2002}.Release|x64.ActiveCfg = Release|Any CPU
		{2BC8DF6D-8858-4670-8D1D-F8613D9F2002}.Release|x64.Build.0 = Release|Any CPU
		{2BC8DF6D-8858-4670-8D1D-F8613D9F2002}.Release|x86.ActiveCfg = Release|Any CPU
		{2BC8DF6D-8858-4670-8D1D-F8613D9F2002}.Release|x86.Build.0 = Release|Any CPU
		{1A2DC27C-68AC-483F-BBF2-CC00955CE597}.Debug|Any CPU.ActiveCfg = Debug|Any CPU
		{1A2DC27C-68AC-483F-BBF2-CC00955CE597}.Debug|Any CPU.Build.0 = Debug|Any CPU
		{1A2DC27C-68AC-483F-BBF2-CC00955CE597}.Debug|x64.ActiveCfg = Debug|Any CPU
		{1A2DC27C-68AC-483F-BBF2-CC00955CE597}.Debug|x64.Build.0 = Debug|Any CPU
		{1A2DC27C-68AC-483F-BBF2-CC00955CE597}.Debug|x86.ActiveCfg = Debug|Any CPU
		{1A2DC27C-68AC-483F-BBF2-CC00955CE597}.Debug|x86.Build.0 = Debug|Any CPU
		{1A2DC27C-68AC-483F-BBF2-CC00955CE597}.Release|Any CPU.ActiveCfg = Release|Any CPU
		{1A2DC27C-68AC-483F-BBF2-CC00955CE597}.Release|Any CPU.Build.0 = Release|Any CPU
		{1A2DC27C-68AC-483F-BBF2-CC00955CE597}.Release|x64.ActiveCfg = Release|Any CPU
		{1A2DC27C-68AC-483F-BBF2-CC00955CE597}.Release|x64.Build.0 = Release|Any CPU
		{1A2DC27C-68AC-483F-BBF2-CC00955CE597}.Release|x86.ActiveCfg = Release|Any CPU
		{1A2DC27C-68AC-483F-BBF2-CC00955CE597}.Release|x86.Build.0 = Release|Any CPU
		{8BF24C77-2F66-4BAA-9301-9FC67BB3D256}.Debug|Any CPU.ActiveCfg = Debug|Any CPU
		{8BF24C77-2F66-4BAA-9301-9FC67BB3D256}.Debug|Any CPU.Build.0 = Debug|Any CPU
		{8BF24C77-2F66-4BAA-9301-9FC67BB3D256}.Debug|x64.ActiveCfg = Debug|Any CPU
		{8BF24C77-2F66-4BAA-9301-9FC67BB3D256}.Debug|x64.Build.0 = Debug|Any CPU
		{8BF24C77-2F66-4BAA-9301-9FC67BB3D256}.Debug|x86.ActiveCfg = Debug|Any CPU
		{8BF24C77-2F66-4BAA-9301-9FC67BB3D256}.Debug|x86.Build.0 = Debug|Any CPU
		{8BF24C77-2F66-4BAA-9301-9FC67BB3D256}.Release|Any CPU.ActiveCfg = Release|Any CPU
		{8BF24C77-2F66-4BAA-9301-9FC67BB3D256}.Release|Any CPU.Build.0 = Release|Any CPU
		{8BF24C77-2F66-4BAA-9301-9FC67BB3D256}.Release|x64.ActiveCfg = Release|Any CPU
		{8BF24C77-2F66-4BAA-9301-9FC67BB3D256}.Release|x64.Build.0 = Release|Any CPU
		{8BF24C77-2F66-4BAA-9301-9FC67BB3D256}.Release|x86.ActiveCfg = Release|Any CPU
		{8BF24C77-2F66-4BAA-9301-9FC67BB3D256}.Release|x86.Build.0 = Release|Any CPU
	EndGlobalSection
	GlobalSection(SolutionProperties) = preSolution
		HideSolutionNode = FALSE
	EndGlobalSection
	GlobalSection(NestedProjects) = preSolution
		{ECD22C29-01AF-45BE-9379-8899226B8780} = {827E0CD3-B72D-47B6-A68D-7590B98EB39B}
		{6C02AECF-7113-4181-9562-0D6BAB11C968} = {827E0CD3-B72D-47B6-A68D-7590B98EB39B}
		{2BC8DF6D-8858-4670-8D1D-F8613D9F2002} = {827E0CD3-B72D-47B6-A68D-7590B98EB39B}
		{1A2DC27C-68AC-483F-BBF2-CC00955CE597} = {827E0CD3-B72D-47B6-A68D-7590B98EB39B}
		{8BF24C77-2F66-4BAA-9301-9FC67BB3D256} = {0AB3BF05-4346-4AA6-1389-037BE0695223}
	EndGlobalSection
EndGlobal
